
Microsoft Visual Studio Solution File, Format Version 12.00
# Visual Studio Version 17
VisualStudioVersion = 17.4.33213.308
MinimumVisualStudioVersion = 10.0.40219.1
Project("{9A19103F-16F7-4668-BE54-9A1E7A4F7556}") = "01.MultiplesOf3Or5", "MultiplesOf3Or5\01.MultiplesOf3Or5.csproj", "{55A1A394-A01F-4DA7-8109-E49E79885CDF}"
EndProject
Project("{9A19103F-16F7-4668-BE54-9A1E7A4F7556}") = "02.UniqueInORder", "UniqueInORder\02.UniqueInORder.csproj", "{8D25AC39-1BA6-463E-B4BF-B504C515C015}"
EndProject
Project("{FAE04EC0-301F-11D3-BF4B-00C04F79EFBC}") = "03.CountingDuplicates", "CountingDuplicates\03.CountingDuplicates.csproj", "{D25B5EFA-B850-43B4-B774-4A39E87FADCF}"
EndProject
Project("{FAE04EC0-301F-11D3-BF4B-00C04F79EFBC}") = "04.FindTheParityOutlier", "04.FindTheParityOutlier\04.FindTheParityOutlier.csproj", "{CA299EB9-838B-45FD-AE3E-FD331CD7F09F}"
EndProject
Project("{FAE04EC0-301F-11D3-BF4B-00C04F79EFBC}") = "06.FriendOrFoe", "06.FriendOrFoe\06.FriendOrFoe.csproj", "{29BC7033-52FE-4706-A21B-B61B7F895D6E}"
EndProject
Project("{FAE04EC0-301F-11D3-BF4B-00C04F79EFBC}") = "07.PersistentBugger", "07.PersistentBugger\07.PersistentBugger.csproj", "{1EA542C5-85C8-4E08-9222-6E8D7DCE9E5C}"
EndProject
Global
	GlobalSection(SolutionConfigurationPlatforms) = preSolution
		Debug|Any CPU = Debug|Any CPU
		Release|Any CPU = Release|Any CPU
	EndGlobalSection
	GlobalSection(ProjectConfigurationPlatforms) = postSolution
		{55A1A394-A01F-4DA7-8109-E49E79885CDF}.Debug|Any CPU.ActiveCfg = Debug|Any CPU
		{55A1A394-A01F-4DA7-8109-E49E79885CDF}.Debug|Any CPU.Build.0 = Debug|Any CPU
		{55A1A394-A01F-4DA7-8109-E49E79885CDF}.Release|Any CPU.ActiveCfg = Release|Any CPU
		{55A1A394-A01F-4DA7-8109-E49E79885CDF}.Release|Any CPU.Build.0 = Release|Any CPU
		{8D25AC39-1BA6-463E-B4BF-B504C515C015}.Debug|Any CPU.ActiveCfg = Debug|Any CPU
		{8D25AC39-1BA6-463E-B4BF-B504C515C015}.Debug|Any CPU.Build.0 = Debug|Any CPU
		{8D25AC39-1BA6-463E-B4BF-B504C515C015}.Release|Any CPU.ActiveCfg = Release|Any CPU
		{8D25AC39-1BA6-463E-B4BF-B504C515C015}.Release|Any CPU.Build.0 = Release|Any CPU
		{D25B5EFA-B850-43B4-B774-4A39E87FADCF}.Debug|Any CPU.ActiveCfg = Debug|Any CPU
		{D25B5EFA-B850-43B4-B774-4A39E87FADCF}.Debug|Any CPU.Build.0 = Debug|Any CPU
		{D25B5EFA-B850-43B4-B774-4A39E87FADCF}.Release|Any CPU.ActiveCfg = Release|Any CPU
		{D25B5EFA-B850-43B4-B774-4A39E87FADCF}.Release|Any CPU.Build.0 = Release|Any CPU
		{CA299EB9-838B-45FD-AE3E-FD331CD7F09F}.Debug|Any CPU.ActiveCfg = Debug|Any CPU
		{CA299EB9-838B-45FD-AE3E-FD331CD7F09F}.Debug|Any CPU.Build.0 = Debug|Any CPU
		{CA299EB9-838B-45FD-AE3E-FD331CD7F09F}.Release|Any CPU.ActiveCfg = Release|Any CPU
		{CA299EB9-838B-45FD-AE3E-FD331CD7F09F}.Release|Any CPU.Build.0 = Release|Any CPU
		{29BC7033-52FE-4706-A21B-B61B7F895D6E}.Debug|Any CPU.ActiveCfg = Debug|Any CPU
		{29BC7033-52FE-4706-A21B-B61B7F895D6E}.Debug|Any CPU.Build.0 = Debug|Any CPU
		{29BC7033-52FE-4706-A21B-B61B7F895D6E}.Release|Any CPU.ActiveCfg = Release|Any CPU
		{29BC7033-52FE-4706-A21B-B61B7F895D6E}.Release|Any CPU.Build.0 = Release|Any CPU
		{1EA542C5-85C8-4E08-9222-6E8D7DCE9E5C}.Debug|Any CPU.ActiveCfg = Debug|Any CPU
		{1EA542C5-85C8-4E08-9222-6E8D7DCE9E5C}.Debug|Any CPU.Build.0 = Debug|Any CPU
		{1EA542C5-85C8-4E08-9222-6E8D7DCE9E5C}.Release|Any CPU.ActiveCfg = Release|Any CPU
		{1EA542C5-85C8-4E08-9222-6E8D7DCE9E5C}.Release|Any CPU.Build.0 = Release|Any CPU
	EndGlobalSection
	GlobalSection(SolutionProperties) = preSolution
		HideSolutionNode = FALSE
	EndGlobalSection
	GlobalSection(ExtensibilityGlobals) = postSolution
		SolutionGuid = {E6DEC72C-9029-40A3-A52C-8D94155F13E6}
	EndGlobalSection
EndGlobal
